// !$*UTF8*$!
{
	archiveVersion = 1;
	classes = {
	};
	objectVersion = 50;
	objects = {

/* Begin PBXBuildFile section */
		3915EC0523126E4F009C5754 /* AppDelegate.swift in Sources */ = {isa = PBXBuildFile; fileRef = 3915EC0423126E4F009C5754 /* AppDelegate.swift */; };
		3915EC0723126E4F009C5754 /* CheckListViewController.swift in Sources */ = {isa = PBXBuildFile; fileRef = 3915EC0623126E4F009C5754 /* CheckListViewController.swift */; };
		3915EC0A23126E4F009C5754 /* Main.storyboard in Resources */ = {isa = PBXBuildFile; fileRef = 3915EC0823126E4F009C5754 /* Main.storyboard */; };
		3915EC0C23126E53009C5754 /* Assets.xcassets in Resources */ = {isa = PBXBuildFile; fileRef = 3915EC0B23126E53009C5754 /* Assets.xcassets */; };
		3915EC0F23126E53009C5754 /* LaunchScreen.storyboard in Resources */ = {isa = PBXBuildFile; fileRef = 3915EC0D23126E53009C5754 /* LaunchScreen.storyboard */; };
		3915EC1C23127C8A009C5754 /* CheckListTableView.swift in Sources */ = {isa = PBXBuildFile; fileRef = 3915EC1B23127C8A009C5754 /* CheckListTableView.swift */; };
		3915EC1E23127DD1009C5754 /* CheckListTableViewCell.swift in Sources */ = {isa = PBXBuildFile; fileRef = 3915EC1D23127DD1009C5754 /* CheckListTableViewCell.swift */; };
		3915EC2023129E5C009C5754 /* CheckListItemModel.swift in Sources */ = {isa = PBXBuildFile; fileRef = 3915EC1F23129E5C009C5754 /* CheckListItemModel.swift */; };
		3915EC252312A26C009C5754 /* AddCheckListViewController.swift in Sources */ = {isa = PBXBuildFile; fileRef = 3915EC242312A26C009C5754 /* AddCheckListViewController.swift */; };
/* End PBXBuildFile section */

/* Begin PBXFileReference section */
		3915EC0123126E4F009C5754 /* TodoApp.app */ = {isa = PBXFileReference; explicitFileType = wrapper.application; includeInIndex = 0; path = TodoApp.app; sourceTree = BUILT_PRODUCTS_DIR; };
		3915EC0423126E4F009C5754 /* AppDelegate.swift */ = {isa = PBXFileReference; lastKnownFileType = sourcecode.swift; path = AppDelegate.swift; sourceTree = "<group>"; };
		3915EC0623126E4F009C5754 /* CheckListViewController.swift */ = {isa = PBXFileReference; lastKnownFileType = sourcecode.swift; path = CheckListViewController.swift; sourceTree = "<group>"; };
		3915EC0923126E4F009C5754 /* Base */ = {isa = PBXFileReference; lastKnownFileType = file.storyboard; name = Base; path = Base.lproj/Main.storyboard; sourceTree = "<group>"; };
		3915EC0B23126E53009C5754 /* Assets.xcassets */ = {isa = PBXFileReference; lastKnownFileType = folder.assetcatalog; path = Assets.xcassets; sourceTree = "<group>"; };
		3915EC0E23126E53009C5754 /* Base */ = {isa = PBXFileReference; lastKnownFileType = file.storyboard; name = Base; path = Base.lproj/LaunchScreen.storyboard; sourceTree = "<group>"; };
		3915EC1023126E53009C5754 /* Info.plist */ = {isa = PBXFileReference; lastKnownFileType = text.plist.xml; path = Info.plist; sourceTree = "<group>"; };
		3915EC1B23127C8A009C5754 /* CheckListTableView.swift */ = {isa = PBXFileReference; lastKnownFileType = sourcecode.swift; path = CheckListTableView.swift; sourceTree = "<group>"; };
		3915EC1D23127DD1009C5754 /* CheckListTableViewCell.swift */ = {isa = PBXFileReference; lastKnownFileType = sourcecode.swift; path = CheckListTableViewCell.swift; sourceTree = "<group>"; };
		3915EC1F23129E5C009C5754 /* CheckListItemModel.swift */ = {isa = PBXFileReference; lastKnownFileType = sourcecode.swift; path = CheckListItemModel.swift; sourceTree = "<group>"; };
		3915EC242312A26C009C5754 /* AddCheckListViewController.swift */ = {isa = PBXFileReference; lastKnownFileType = sourcecode.swift; path = AddCheckListViewController.swift; sourceTree = "<group>"; };
/* End PBXFileReference section */

/* Begin PBXFrameworksBuildPhase section */
		3915EBFE23126E4F009C5754 /* Frameworks */ = {
			isa = PBXFrameworksBuildPhase;
			buildActionMask = 2147483647;
			files = (
			);
			runOnlyForDeploymentPostprocessing = 0;
		};
/* End PBXFrameworksBuildPhase section */

/* Begin PBXGroup section */
		3915EBF823126E4F009C5754 = {
			isa = PBXGroup;
			children = (
				3915EC0323126E4F009C5754 /* TodoApp */,
				3915EC0223126E4F009C5754 /* Products */,
			);
			sourceTree = "<group>";
		};
		3915EC0223126E4F009C5754 /* Products */ = {
			isa = PBXGroup;
			children = (
				3915EC0123126E4F009C5754 /* TodoApp.app */,
			);
			name = Products;
			sourceTree = "<group>";
		};
		3915EC0323126E4F009C5754 /* TodoApp */ = {
			isa = PBXGroup;
			children = (
				3915EC1923126EE8009C5754 /* Supporting Files */,
				3915EC1623126EB0009C5754 /* Model */,
				3915EC1823126EC6009C5754 /* View */,
				3915EC1723126EBD009C5754 /* Controller */,
			);
			path = TodoApp;
			sourceTree = "<group>";
		};
		3915EC1623126EB0009C5754 /* Model */ = {
			isa = PBXGroup;
			children = (
				3915EC1F23129E5C009C5754 /* CheckListItemModel.swift */,
			);
			path = Model;
			sourceTree = "<group>";
		};
		3915EC1723126EBD009C5754 /* Controller */ = {
			isa = PBXGroup;
			children = (
				3915EC1A23127C07009C5754 /* TableView */,
				3915EC0623126E4F009C5754 /* CheckListViewController.swift */,
				3915EC242312A26C009C5754 /* AddCheckListViewController.swift */,
			);
			path = Controller;
			sourceTree = "<group>";
		};
		3915EC1823126EC6009C5754 /* View */ = {
			isa = PBXGroup;
			children = (
				3915EC0823126E4F009C5754 /* Main.storyboard */,
				3915EC0D23126E53009C5754 /* LaunchScreen.storyboard */,
			);
			path = View;
			sourceTree = "<group>";
		};
		3915EC1923126EE8009C5754 /* Supporting Files */ = {
			isa = PBXGroup;
			children = (
				3915EC0423126E4F009C5754 /* AppDelegate.swift */,
				3915EC0B23126E53009C5754 /* Assets.xcassets */,
				3915EC1023126E53009C5754 /* Info.plist */,
			);
			path = "Supporting Files";
			sourceTree = "<group>";
		};
		3915EC1A23127C07009C5754 /* TableView */ = {
			isa = PBXGroup;
			children = (
				3915EC1B23127C8A009C5754 /* CheckListTableView.swift */,
				3915EC1D23127DD1009C5754 /* CheckListTableViewCell.swift */,
			);
			path = TableView;
			sourceTree = "<group>";
		};
/* End PBXGroup section */

/* Begin PBXNativeTarget section */
		3915EC0023126E4F009C5754 /* TodoApp */ = {
			isa = PBXNativeTarget;
			buildConfigurationList = 3915EC1323126E53009C5754 /* Build configuration list for PBXNativeTarget "TodoApp" */;
			buildPhases = (
				3915EBFD23126E4F009C5754 /* Sources */,
				3915EBFE23126E4F009C5754 /* Frameworks */,
				3915EBFF23126E4F009C5754 /* Resources */,
			);
			buildRules = (
			);
			dependencies = (
			);
			name = TodoApp;
			productName = TodoApp;
			productReference = 3915EC0123126E4F009C5754 /* TodoApp.app */;
			productType = "com.apple.product-type.application";
		};
/* End PBXNativeTarget section */

/* Begin PBXProject section */
		3915EBF923126E4F009C5754 /* Project object */ = {
			isa = PBXProject;
			attributes = {
				LastSwiftUpdateCheck = 1030;
				LastUpgradeCheck = 1030;
				ORGANIZATIONNAME = "Canan Gök";
				TargetAttributes = {
					3915EC0023126E4F009C5754 = {
						CreatedOnToolsVersion = 10.3;
					};
				};
			};
			buildConfigurationList = 3915EBFC23126E4F009C5754 /* Build configuration list for PBXProject "TodoApp" */;
			compatibilityVersion = "Xcode 9.3";
			developmentRegion = en;
			hasScannedForEncodings = 0;
			knownRegions = (
				en,
				Base,
			);
			mainGroup = 3915EBF823126E4F009C5754;
			productRefGroup = 3915EC0223126E4F009C5754 /* Products */;
			projectDirPath = "";
			projectRoot = "";
			targets = (
				3915EC0023126E4F009C5754 /* TodoApp */,
			);
		};
/* End PBXProject section */

/* Begin PBXResourcesBuildPhase section */
		3915EBFF23126E4F009C5754 /* Resources */ = {
			isa = PBXResourcesBuildPhase;
			buildActionMask = 2147483647;
			files = (
				3915EC0F23126E53009C5754 /* LaunchScreen.storyboard in Resources */,
				3915EC0C23126E53009C5754 /* Assets.xcassets in Resources */,
				3915EC0A23126E4F009C5754 /* Main.storyboard in Resources */,
			);
			runOnlyForDeploymentPostprocessing = 0;
		};
/* End PBXResourcesBuildPhase section */

/* Begin PBXSourcesBuildPhase section */
		3915EBFD23126E4F009C5754 /* Sources */ = {
			isa = PBXSourcesBuildPhase;
			buildActionMask = 2147483647;
			files = (
				3915EC2023129E5C009C5754 /* CheckListItemModel.swift in Sources */,
				3915EC1E23127DD1009C5754 /* CheckListTableViewCell.swift in Sources */,
				3915EC252312A26C009C5754 /* AddCheckListViewController.swift in Sources */,
				3915EC0723126E4F009C5754 /* CheckListViewController.swift in Sources */,
				3915EC1C23127C8A009C5754 /* CheckListTableView.swift in Sources */,
				3915EC0523126E4F009C5754 /* AppDelegate.swift in Sources */,
			);
			runOnlyForDeploymentPostprocessing = 0;
		};
/* End PBXSourcesBuildPhase section */

/* Begin PBXVariantGroup section */
		3915EC0823126E4F009C5754 /* Main.storyboard */ = {
			isa = PBXVariantGroup;
			children = (
				3915EC0923126E4F009C5754 /* Base */,
			);
			name = Main.storyboard;
			sourceTree = "<group>";
		};
		3915EC0D23126E53009C5754 /* LaunchScreen.storyboard */ = {
			isa = PBXVariantGroup;
			children = (
				3915EC0E23126E53009C5754 /* Base */,
			);
			name = LaunchScreen.storyboard;
			sourceTree = "<group>";
		};
/* End PBXVariantGroup section */

/* Begin XCBuildConfiguration section */
		3915EC1123126E53009C5754 /* Debug */ = {
			isa = XCBuildConfiguration;
			buildSettings = {
				ALWAYS_SEARCH_USER_PATHS = NO;
				CLANG_ANALYZER_NONNULL = YES;
				CLANG_ANALYZER_NUMBER_OBJECT_CONVERSION = YES_AGGRESSIVE;
				CLANG_CXX_LANGUAGE_STANDARD = "gnu++14";
				CLANG_CXX_LIBRARY = "libc++";
				CLANG_ENABLE_MODULES = YES;
				CLANG_ENABLE_OBJC_ARC = YES;
				CLANG_ENABLE_OBJC_WEAK = YES;
				CLANG_WARN_BLOCK_CAPTURE_AUTORELEASING = YES;
				CLANG_WARN_BOOL_CONVERSION = YES;
				CLANG_WARN_COMMA = YES;
				CLANG_WARN_CONSTANT_CONVERSION = YES;
				CLANG_WARN_DEPRECATED_OBJC_IMPLEMENTATIONS = YES;
				CLANG_WARN_DIRECT_OBJC_ISA_USAGE = YES_ERROR;
				CLANG_WARN_DOCUMENTATION_COMMENTS = YES;
				CLANG_WARN_EMPTY_BODY = YES;
				CLANG_WARN_ENUM_CONVERSION = YES;
				CLANG_WARN_INFINITE_RECURSION = YES;
				CLANG_WARN_INT_CONVERSION = YES;
				CLANG_WARN_NON_LITERAL_NULL_CONVERSION = YES;
				CLANG_WARN_OBJC_IMPLICIT_RETAIN_SELF = YES;
				CLANG_WARN_OBJC_LITERAL_CONVERSION = YES;
				CLANG_WARN_OBJC_ROOT_CLASS = YES_ERROR;
				CLANG_WARN_RANGE_LOOP_ANALYSIS = YES;
				CLANG_WARN_STRICT_PROTOTYPES = YES;
				CLANG_WARN_SUSPICIOUS_MOVE = YES;
				CLANG_WARN_UNGUARDED_AVAILABILITY = YES_AGGRESSIVE;
				CLANG_WARN_UNREACHABLE_CODE = YES;
				CLANG_WARN__DUPLICATE_METHOD_MATCH = YES;
				CODE_SIGN_IDENTITY = "iPhone Developer";
				COPY_PHASE_STRIP = NO;
				DEBUG_INFORMATION_FORMAT = dwarf;
				ENABLE_STRICT_OBJC_MSGSEND = YES;
				ENABLE_TESTABILITY = YES;
				GCC_C_LANGUAGE_STANDARD = gnu11;
				GCC_DYNAMIC_NO_PIC = NO;
				GCC_NO_COMMON_BLOCKS = YES;
				GCC_OPTIMIZATION_LEVEL = 0;
				GCC_PREPROCESSOR_DEFINITIONS = (
					"DEBUG=1",
					"$(inherited)",
				);
				GCC_WARN_64_TO_32_BIT_CONVERSION = YES;
				GCC_WARN_ABOUT_RETURN_TYPE = YES_ERROR;
				GCC_WARN_UNDECLARED_SELECTOR = YES;
				GCC_WARN_UNINITIALIZED_AUTOS = YES_AGGRESSIVE;
				GCC_WARN_UNUSED_FUNCTION = YES;
				GCC_WARN_UNUSED_VARIABLE = YES;
				IPHONEOS_DEPLOYMENT_TARGET = 12.4;
				MTL_ENABLE_DEBUG_INFO = INCLUDE_SOURCE;
				MTL_FAST_MATH = YES;
				ONLY_ACTIVE_ARCH = YES;
				SDKROOT = iphoneos;
				SWIFT_ACTIVE_COMPILATION_CONDITIONS = DEBUG;
				SWIFT_OPTIMIZATION_LEVEL = "-Onone";
			};
			name = Debug;
		};
		3915EC1223126E53009C5754 /* Release */ = {
			isa = XCBuildConfiguration;
			buildSettings = {
				ALWAYS_SEARCH_USER_PATHS = NO;
				CLANG_ANALYZER_NONNULL = YES;
				CLANG_ANALYZER_NUMBER_OBJECT_CONVERSION = YES_AGGRESSIVE;
				CLANG_CXX_LANGUAGE_STANDARD = "gnu++14";
				CLANG_CXX_LIBRARY = "libc++";
				CLANG_ENABLE_MODULES = YES;
				CLANG_ENABLE_OBJC_ARC = YES;
				CLANG_ENABLE_OBJC_WEAK = YES;
				CLANG_WARN_BLOCK_CAPTURE_AUTORELEASING = YES;
				CLANG_WARN_BOOL_CONVERSION = YES;
				CLANG_WARN_COMMA = YES;
				CLANG_WARN_CONSTANT_CONVERSION = YES;
				CLANG_WARN_DEPRECATED_OBJC_IMPLEMENTATIONS = YES;
				CLANG_WARN_DIRECT_OBJC_ISA_USAGE = YES_ERROR;
				CLANG_WARN_DOCUMENTATION_COMMENTS = YES;
				CLANG_WARN_EMPTY_BODY = YES;
				CLANG_WARN_ENUM_CONVERSION = YES;
				CLANG_WARN_INFINITE_RECURSION = YES;
				CLANG_WARN_INT_CONVERSION = YES;
				CLANG_WARN_NON_LITERAL_NULL_CONVERSION = YES;
				CLANG_WARN_OBJC_IMPLICIT_RETAIN_SELF = YES;
				CLANG_WARN_OBJC_LITERAL_CONVERSION = YES;
				CLANG_WARN_OBJC_ROOT_CLASS = YES_ERROR;
				CLANG_WARN_RANGE_LOOP_ANALYSIS = YES;
				CLANG_WARN_STRICT_PROTOTYPES = YES;
				CLANG_WARN_SUSPICIOUS_MOVE = YES;
				CLANG_WARN_UNGUARDED_AVAILABILITY = YES_AGGRESSIVE;
				CLANG_WARN_UNREACHABLE_CODE = YES;
				CLANG_WARN__DUPLICATE_METHOD_MATCH = YES;
				CODE_SIGN_IDENTITY = "iPhone Developer";
				COPY_PHASE_STRIP = NO;
				DEBUG_INFORMATION_FORMAT = "dwarf-with-dsym";
				ENABLE_NS_ASSERTIONS = NO;
				ENABLE_STRICT_OBJC_MSGSEND = YES;
				GCC_C_LANGUAGE_STANDARD = gnu11;
				GCC_NO_COMMON_BLOCKS = YES;
				GCC_WARN_64_TO_32_BIT_CONVERSION = YES;
				GCC_WARN_ABOUT_RETURN_TYPE = YES_ERROR;
				GCC_WARN_UNDECLARED_SELECTOR = YES;
				GCC_WARN_UNINITIALIZED_AUTOS = YES_AGGRESSIVE;
				GCC_WARN_UNUSED_FUNCTION = YES;
				GCC_WARN_UNUSED_VARIABLE = YES;
				IPHONEOS_DEPLOYMENT_TARGET = 12.4;
				MTL_ENABLE_DEBUG_INFO = NO;
				MTL_FAST_MATH = YES;
				SDKROOT = iphoneos;
				SWIFT_COMPILATION_MODE = wholemodule;
				SWIFT_OPTIMIZATION_LEVEL = "-O";
				VALIDATE_PRODUCT = YES;
			};
			name = Release;
		};
		3915EC1423126E53009C5754 /* Debug */ = {
			isa = XCBuildConfiguration;
			buildSettings = {
				ASSETCATALOG_COMPILER_APPICON_NAME = AppIcon;
				CODE_SIGN_STYLE = Automatic;
				DEVELOPMENT_TEAM = FS85496TUY;
				INFOPLIST_FILE = "$(SRCROOT)/TodoApp/Supporting Files/Info.plist";
				LD_RUNPATH_SEARCH_PATHS = (
					"$(inherited)",
					"@executable_path/Frameworks",
				);
				PRODUCT_BUNDLE_IDENTIFIER = com.Kodluyoruz.TodoApp;
				PRODUCT_NAME = "$(TARGET_NAME)";
				SWIFT_VERSION = 5.0;
				TARGETED_DEVICE_FAMILY = "1,2";
			};
			name = Debug;
		};
		3915EC1523126E53009C5754 /* Release */ = {
			isa = XCBuildConfiguration;
			buildSettings = {
				ASSETCATALOG_COMPILER_APPICON_NAME = AppIcon;
				CODE_SIGN_STYLE = Automatic;
				DEVELOPMENT_TEAM = FS85496TUY;
				INFOPLIST_FILE = "$(SRCROOT)/TodoApp/Supporting Files/Info.plist";
				LD_RUNPATH_SEARCH_PATHS = (
					"$(inherited)",
					"@executable_path/Frameworks",
				);
				PRODUCT_BUNDLE_IDENTIFIER = com.Kodluyoruz.TodoApp;
				PRODUCT_NAME = "$(TARGET_NAME)";
				SWIFT_VERSION = 5.0;
				TARGETED_DEVICE_FAMILY = "1,2";
			};
			name = Release;
		};
/* End XCBuildConfiguration section */

/* Begin XCConfigurationList section */
		3915EBFC23126E4F009C5754 /* Build configuration list for PBXProject "TodoApp" */ = {
			isa = XCConfigurationList;
			buildConfigurations = (
				3915EC1123126E53009C5754 /* Debug */,
				3915EC1223126E53009C5754 /* Release */,
			);
			defaultConfigurationIsVisible = 0;
			defaultConfigurationName = Release;
		};
		3915EC1323126E53009C5754 /* Build configuration list for PBXNativeTarget "TodoApp" */ = {
			isa = XCConfigurationList;
			buildConfigurations = (
				3915EC1423126E53009C5754 /* Debug */,
				3915EC1523126E53009C5754 /* Release */,
			);
			defaultConfigurationIsVisible = 0;
			defaultConfigurationName = Release;
		};
/* End XCConfigurationList section */
	};
	rootObject = 3915EBF923126E4F009C5754 /* Project object */;
}
